{
  "name": "br.com.letrus",
  "version": "1.0.0",
  "lockfileVersion": 3,
  "requires": true,
  "packages": {
    "": {
      "name": "br.com.letrus",
      "version": "1.0.0",
      "license": "Apache-2.0",
      "dependencies": {
        "br.com.letrus": "file:"
      }
    },
    "node_modules/br.com.letrus": {
      "resolved": "",
      "link": true
    }
  }
}
